// !$*UTF8*$!
{
	archiveVersion = 1;
	classes = {
	};
	objectVersion = 77;
	objects = {

/* Begin PBXBuildFile section */
		153679EA8D06F8C970FEBE43 /* TargetAPI.swift in Sources */ = {isa = PBXBuildFile; fileRef = B41BA2BF96CEF3E75D74A9F6 /* TargetAPI.swift */; };
		85AB383D59B58D1072E7417D /* SampleViewModel.swift in Sources */ = {isa = PBXBuildFile; fileRef = 05D331073E5FFD4C2709E07C /* SampleViewModel.swift */; };
		A3790787160C98338C5388A8 /* APINetworkingManager.swift in Sources */ = {isa = PBXBuildFile; fileRef = 16ACF060B96BF7B4F8A52B2A /* APINetworkingManager.swift */; };
		A4A05323E64DA671B8971BE0 /* SnifferSocketIO in Frameworks */ = {isa = PBXBuildFile; productRef = 87FF522866031D1AC400BB8C /* SnifferSocketIO */; };
		BD296CB0D4B58B3FFB0CD93B /* SnifferIOSSampleApp.swift in Sources */ = {isa = PBXBuildFile; fileRef = A1069AC46860E3E2D9BE4D91 /* SnifferIOSSampleApp.swift */; };
		CEB4E5B1413A6A77686881C0 /* TestAPI.swift in Sources */ = {isa = PBXBuildFile; fileRef = 2E9EB065AA76CCDF3AED74FE /* TestAPI.swift */; };
		D53A62050ADFCAB5717ADC9B /* ContentView.swift in Sources */ = {isa = PBXBuildFile; fileRef = 44565B31B045EFEE8757D383 /* ContentView.swift */; };
		EF04421EA46417E144C60366 /* API.swift in Sources */ = {isa = PBXBuildFile; fileRef = 790E9A413E7FE6711AC13310 /* API.swift */; };
		F34BC8F23C5B8346AEABF905 /* SnifferKit in Frameworks */ = {isa = PBXBuildFile; productRef = 8BD1188192C41A1431ED8B59 /* SnifferKit */; };
/* End PBXBuildFile section */

/* Begin PBXFileReference section */
		05D331073E5FFD4C2709E07C /* SampleViewModel.swift */ = {isa = PBXFileReference; lastKnownFileType = sourcecode.swift; path = SampleViewModel.swift; sourceTree = "<group>"; };
		16ACF060B96BF7B4F8A52B2A /* APINetworkingManager.swift */ = {isa = PBXFileReference; lastKnownFileType = sourcecode.swift; path = APINetworkingManager.swift; sourceTree = "<group>"; };
		2E9EB065AA76CCDF3AED74FE /* TestAPI.swift */ = {isa = PBXFileReference; lastKnownFileType = sourcecode.swift; path = TestAPI.swift; sourceTree = "<group>"; };
		44565B31B045EFEE8757D383 /* ContentView.swift */ = {isa = PBXFileReference; lastKnownFileType = sourcecode.swift; path = ContentView.swift; sourceTree = "<group>"; };
		44569278A64D4822A2DF019D /* SnifferIOSSample.app */ = {isa = PBXFileReference; includeInIndex = 0; lastKnownFileType = wrapper.application; path = SnifferIOSSample.app; sourceTree = BUILT_PRODUCTS_DIR; };
		790E9A413E7FE6711AC13310 /* API.swift */ = {isa = PBXFileReference; lastKnownFileType = sourcecode.swift; path = API.swift; sourceTree = "<group>"; };
		A1069AC46860E3E2D9BE4D91 /* SnifferIOSSampleApp.swift */ = {isa = PBXFileReference; lastKnownFileType = sourcecode.swift; path = SnifferIOSSampleApp.swift; sourceTree = "<group>"; };
		B41BA2BF96CEF3E75D74A9F6 /* TargetAPI.swift */ = {isa = PBXFileReference; lastKnownFileType = sourcecode.swift; path = TargetAPI.swift; sourceTree = "<group>"; };
		F678E0CA89BA7D95AE5549D5 /* sniffer */ = {isa = PBXFileReference; lastKnownFileType = folder; name = sniffer; path = ../..; sourceTree = SOURCE_ROOT; };
/* End PBXFileReference section */

/* Begin PBXFrameworksBuildPhase section */
		8CBEE90C13ECE16C440FCF5D /* Frameworks */ = {
			isa = PBXFrameworksBuildPhase;
			buildActionMask = 2147483647;
			files = (
				F34BC8F23C5B8346AEABF905 /* SnifferKit in Frameworks */,
				A4A05323E64DA671B8971BE0 /* SnifferSocketIO in Frameworks */,
			);
			runOnlyForDeploymentPostprocessing = 0;
		};
/* End PBXFrameworksBuildPhase section */

/* Begin PBXGroup section */
		17B0C1A13534BD92011EE754 = {
			isa = PBXGroup;
			children = (
				3051DFD9198AD770FDF69C93 /* Packages */,
				F1DDCA6BE5FE0A0D40C7F708 /* Sources */,
				A0BC11D32C52D88D03E08F9A /* Products */,
			);
			sourceTree = "<group>";
		};
		3051DFD9198AD770FDF69C93 /* Packages */ = {
			isa = PBXGroup;
			children = (
				F678E0CA89BA7D95AE5549D5 /* sniffer */,
			);
			name = Packages;
			sourceTree = "<group>";
		};
		A0BC11D32C52D88D03E08F9A /* Products */ = {
			isa = PBXGroup;
			children = (
				44569278A64D4822A2DF019D /* SnifferIOSSample.app */,
			);
			name = Products;
			sourceTree = "<group>";
		};
		F1DDCA6BE5FE0A0D40C7F708 /* Sources */ = {
			isa = PBXGroup;
			children = (
				790E9A413E7FE6711AC13310 /* API.swift */,
				16ACF060B96BF7B4F8A52B2A /* APINetworkingManager.swift */,
				44565B31B045EFEE8757D383 /* ContentView.swift */,
				05D331073E5FFD4C2709E07C /* SampleViewModel.swift */,
				A1069AC46860E3E2D9BE4D91 /* SnifferIOSSampleApp.swift */,
				B41BA2BF96CEF3E75D74A9F6 /* TargetAPI.swift */,
				2E9EB065AA76CCDF3AED74FE /* TestAPI.swift */,
			);
			path = Sources;
			sourceTree = "<group>";
		};
/* End PBXGroup section */

/* Begin PBXNativeTarget section */
		0F74F1FC09D5183C21A81606 /* SnifferIOSSample */ = {
			isa = PBXNativeTarget;
			buildConfigurationList = FBF643A5574932E2EF8334E1 /* Build configuration list for PBXNativeTarget "SnifferIOSSample" */;
			buildPhases = (
				95FDCABC0E6C0EFA9B5AF22D /* Sources */,
				8CBEE90C13ECE16C440FCF5D /* Frameworks */,
			);
			buildRules = (
			);
			dependencies = (
			);
			name = SnifferIOSSample;
			packageProductDependencies = (
				8BD1188192C41A1431ED8B59 /* SnifferKit */,
				87FF522866031D1AC400BB8C /* SnifferSocketIO */,
			);
			productName = SnifferIOSSample;
			productReference = 44569278A64D4822A2DF019D /* SnifferIOSSample.app */;
			productType = "com.apple.product-type.application";
		};
/* End PBXNativeTarget section */

/* Begin PBXProject section */
		D710B7FF6B1C069C725F4CD5 /* Project object */ = {
			isa = PBXProject;
			attributes = {
				BuildIndependentTargetsInParallel = YES;
				LastUpgradeCheck = 2600;
				TargetAttributes = {
				};
			};
			buildConfigurationList = 7924BA1BAF282A4322971714 /* Build configuration list for PBXProject "SnifferIOSSample" */;
			developmentRegion = en;
			hasScannedForEncodings = 0;
			knownRegions = (
				Base,
				en,
			);
			mainGroup = 17B0C1A13534BD92011EE754;
			minimizedProjectReferenceProxies = 1;
			packageReferences = (
				FD4B00F7EABEA1A5F3D0AB05 /* XCLocalSwiftPackageReference "../.." */,
			);
			preferredProjectObjectVersion = 77;
			productRefGroup = A0BC11D32C52D88D03E08F9A /* Products */;
			projectDirPath = "";
			projectRoot = "";
			targets = (
				0F74F1FC09D5183C21A81606 /* SnifferIOSSample */,
			);
		};
/* End PBXProject section */

/* Begin PBXSourcesBuildPhase section */
		95FDCABC0E6C0EFA9B5AF22D /* Sources */ = {
			isa = PBXSourcesBuildPhase;
			buildActionMask = 2147483647;
			files = (
				EF04421EA46417E144C60366 /* API.swift in Sources */,
				A3790787160C98338C5388A8 /* APINetworkingManager.swift in Sources */,
				D53A62050ADFCAB5717ADC9B /* ContentView.swift in Sources */,
				85AB383D59B58D1072E7417D /* SampleViewModel.swift in Sources */,
				BD296CB0D4B58B3FFB0CD93B /* SnifferIOSSampleApp.swift in Sources */,
				153679EA8D06F8C970FEBE43 /* TargetAPI.swift in Sources */,
				CEB4E5B1413A6A77686881C0 /* TestAPI.swift in Sources */,
			);
			runOnlyForDeploymentPostprocessing = 0;
		};
/* End PBXSourcesBuildPhase section */

/* Begin XCBuildConfiguration section */
		94394E3F7EEB8A512C0820B3 /* Release */ = {
			isa = XCBuildConfiguration;
			buildSettings = {
				ALWAYS_SEARCH_USER_PATHS = NO;
				CLANG_ANALYZER_NONNULL = YES;
				CLANG_ANALYZER_NUMBER_OBJECT_CONVERSION = YES_AGGRESSIVE;
				CLANG_CXX_LANGUAGE_STANDARD = "gnu++14";
				CLANG_CXX_LIBRARY = "libc++";
				CLANG_ENABLE_MODULES = YES;
				CLANG_ENABLE_OBJC_ARC = YES;
				CLANG_ENABLE_OBJC_WEAK = YES;
				CLANG_WARN_BLOCK_CAPTURE_AUTORELEASING = YES;
				CLANG_WARN_BOOL_CONVERSION = YES;
				CLANG_WARN_COMMA = YES;
				CLANG_WARN_CONSTANT_CONVERSION = YES;
				CLANG_WARN_DEPRECATED_OBJC_IMPLEMENTATIONS = YES;
				CLANG_WARN_DIRECT_OBJC_ISA_USAGE = YES_ERROR;
				CLANG_WARN_DOCUMENTATION_COMMENTS = YES;
				CLANG_WARN_EMPTY_BODY = YES;
				CLANG_WARN_ENUM_CONVERSION = YES;
				CLANG_WARN_INFINITE_RECURSION = YES;
				CLANG_WARN_INT_CONVERSION = YES;
				CLANG_WARN_NON_LITERAL_NULL_CONVERSION = YES;
				CLANG_WARN_OBJC_IMPLICIT_RETAIN_SELF = YES;
				CLANG_WARN_OBJC_LITERAL_CONVERSION = YES;
				CLANG_WARN_OBJC_ROOT_CLASS = YES_ERROR;
				CLANG_WARN_QUOTED_INCLUDE_IN_FRAMEWORK_HEADER = YES;
				CLANG_WARN_RANGE_LOOP_ANALYSIS = YES;
				CLANG_WARN_STRICT_PROTOTYPES = YES;
				CLANG_WARN_SUSPICIOUS_MOVE = YES;
				CLANG_WARN_UNGUARDED_AVAILABILITY = YES_AGGRESSIVE;
				CLANG_WARN_UNREACHABLE_CODE = YES;
				CLANG_WARN__DUPLICATE_METHOD_MATCH = YES;
				COPY_PHASE_STRIP = NO;
				DEBUG_INFORMATION_FORMAT = "dwarf-with-dsym";
				ENABLE_NS_ASSERTIONS = NO;
				ENABLE_STRICT_OBJC_MSGSEND = YES;
				GCC_C_LANGUAGE_STANDARD = gnu11;
				GCC_NO_COMMON_BLOCKS = YES;
				GCC_WARN_64_TO_32_BIT_CONVERSION = YES;
				GCC_WARN_ABOUT_RETURN_TYPE = YES_ERROR;
				GCC_WARN_UNDECLARED_SELECTOR = YES;
				GCC_WARN_UNINITIALIZED_AUTOS = YES_AGGRESSIVE;
				GCC_WARN_UNUSED_FUNCTION = YES;
				GCC_WARN_UNUSED_VARIABLE = YES;
				IPHONEOS_DEPLOYMENT_TARGET = 16.0;
				MTL_ENABLE_DEBUG_INFO = NO;
				MTL_FAST_MATH = YES;
				PRODUCT_NAME = "$(TARGET_NAME)";
				SDKROOT = iphoneos;
				SWIFT_COMPILATION_MODE = wholemodule;
				SWIFT_OPTIMIZATION_LEVEL = "-O";
				SWIFT_VERSION = 5.0;
				TARGETED_DEVICE_FAMILY = "1,2";
			};
			name = Release;
		};
		C4089DEF87DA3542B392F3D4 /* Debug */ = {
			isa = XCBuildConfiguration;
			buildSettings = {
				ASSETCATALOG_COMPILER_APPICON_NAME = AppIcon;
				CODE_SIGN_IDENTITY = "iPhone Developer";
				GENERATE_INFOPLIST_FILE = YES;
				INFOPLIST_KEY_CFBundleDisplayName = "Sniffer iOS Sample";
				INFOPLIST_KEY_NSAppTransportSecurity_NSAllowsLocalNetworking = YES;
				INFOPLIST_KEY_UIApplicationSceneManifest_Generation = YES;
				INFOPLIST_KEY_UIApplicationSupportsIndirectInputEvents = YES;
				INFOPLIST_KEY_UILaunchScreen_Generation = YES;
				INFOPLIST_KEY_UISupportedInterfaceOrientations_iPhone = UIInterfaceOrientationPortrait;
				LD_RUNPATH_SEARCH_PATHS = (
					"$(inherited)",
					"@executable_path/Frameworks",
				);
				PRODUCT_BUNDLE_IDENTIFIER = dev.weiqi.sniffer.iossample;
				PRODUCT_NAME = SnifferIOSSample;
				SDKROOT = iphoneos;
				TARGETED_DEVICE_FAMILY = "1,2";
			};
			name = Debug;
		};
		C5F91BB1C587433D02D7EAD9 /* Debug */ = {
			isa = XCBuildConfiguration;
			buildSettings = {
				ALWAYS_SEARCH_USER_PATHS = NO;
				CLANG_ANALYZER_NONNULL = YES;
				CLANG_ANALYZER_NUMBER_OBJECT_CONVERSION = YES_AGGRESSIVE;
				CLANG_CXX_LANGUAGE_STANDARD = "gnu++14";
				CLANG_CXX_LIBRARY = "libc++";
				CLANG_ENABLE_MODULES = YES;
				CLANG_ENABLE_OBJC_ARC = YES;
				CLANG_ENABLE_OBJC_WEAK = YES;
				CLANG_WARN_BLOCK_CAPTURE_AUTORELEASING = YES;
				CLANG_WARN_BOOL_CONVERSION = YES;
				CLANG_WARN_COMMA = YES;
				CLANG_WARN_CONSTANT_CONVERSION = YES;
				CLANG_WARN_DEPRECATED_OBJC_IMPLEMENTATIONS = YES;
				CLANG_WARN_DIRECT_OBJC_ISA_USAGE = YES_ERROR;
				CLANG_WARN_DOCUMENTATION_COMMENTS = YES;
				CLANG_WARN_EMPTY_BODY = YES;
				CLANG_WARN_ENUM_CONVERSION = YES;
				CLANG_WARN_INFINITE_RECURSION = YES;
				CLANG_WARN_INT_CONVERSION = YES;
				CLANG_WARN_NON_LITERAL_NULL_CONVERSION = YES;
				CLANG_WARN_OBJC_IMPLICIT_RETAIN_SELF = YES;
				CLANG_WARN_OBJC_LITERAL_CONVERSION = YES;
				CLANG_WARN_OBJC_ROOT_CLASS = YES_ERROR;
				CLANG_WARN_QUOTED_INCLUDE_IN_FRAMEWORK_HEADER = YES;
				CLANG_WARN_RANGE_LOOP_ANALYSIS = YES;
				CLANG_WARN_STRICT_PROTOTYPES = YES;
				CLANG_WARN_SUSPICIOUS_MOVE = YES;
				CLANG_WARN_UNGUARDED_AVAILABILITY = YES_AGGRESSIVE;
				CLANG_WARN_UNREACHABLE_CODE = YES;
				CLANG_WARN__DUPLICATE_METHOD_MATCH = YES;
				COPY_PHASE_STRIP = NO;
				DEBUG_INFORMATION_FORMAT = dwarf;
				ENABLE_STRICT_OBJC_MSGSEND = YES;
				ENABLE_TESTABILITY = YES;
				GCC_C_LANGUAGE_STANDARD = gnu11;
				GCC_DYNAMIC_NO_PIC = NO;
				GCC_NO_COMMON_BLOCKS = YES;
				GCC_OPTIMIZATION_LEVEL = 0;
				GCC_PREPROCESSOR_DEFINITIONS = (
					"$(inherited)",
					"DEBUG=1",
				);
				GCC_WARN_64_TO_32_BIT_CONVERSION = YES;
				GCC_WARN_ABOUT_RETURN_TYPE = YES_ERROR;
				GCC_WARN_UNDECLARED_SELECTOR = YES;
				GCC_WARN_UNINITIALIZED_AUTOS = YES_AGGRESSIVE;
				GCC_WARN_UNUSED_FUNCTION = YES;
				GCC_WARN_UNUSED_VARIABLE = YES;
				IPHONEOS_DEPLOYMENT_TARGET = 16.0;
				MTL_ENABLE_DEBUG_INFO = INCLUDE_SOURCE;
				MTL_FAST_MATH = YES;
				ONLY_ACTIVE_ARCH = YES;
				PRODUCT_NAME = "$(TARGET_NAME)";
				SDKROOT = iphoneos;
				SWIFT_ACTIVE_COMPILATION_CONDITIONS = DEBUG;
				SWIFT_OPTIMIZATION_LEVEL = "-Onone";
				SWIFT_VERSION = 5.0;
				TARGETED_DEVICE_FAMILY = "1,2";
			};
			name = Debug;
		};
		EB56F0B51178411B4B78299A /* Release */ = {
			isa = XCBuildConfiguration;
			buildSettings = {
				ASSETCATALOG_COMPILER_APPICON_NAME = AppIcon;
				CODE_SIGN_IDENTITY = "iPhone Developer";
				GENERATE_INFOPLIST_FILE = YES;
				INFOPLIST_KEY_CFBundleDisplayName = "Sniffer iOS Sample";
				INFOPLIST_KEY_NSAppTransportSecurity_NSAllowsLocalNetworking = YES;
				INFOPLIST_KEY_UIApplicationSceneManifest_Generation = YES;
				INFOPLIST_KEY_UIApplicationSupportsIndirectInputEvents = YES;
				INFOPLIST_KEY_UILaunchScreen_Generation = YES;
				INFOPLIST_KEY_UISupportedInterfaceOrientations_iPhone = UIInterfaceOrientationPortrait;
				LD_RUNPATH_SEARCH_PATHS = (
					"$(inherited)",
					"@executable_path/Frameworks",
				);
				PRODUCT_BUNDLE_IDENTIFIER = dev.weiqi.sniffer.iossample;
				PRODUCT_NAME = SnifferIOSSample;
				SDKROOT = iphoneos;
				TARGETED_DEVICE_FAMILY = "1,2";
			};
			name = Release;
		};
/* End XCBuildConfiguration section */

/* Begin XCConfigurationList section */
		7924BA1BAF282A4322971714 /* Build configuration list for PBXProject "SnifferIOSSample" */ = {
			isa = XCConfigurationList;
			buildConfigurations = (
				C5F91BB1C587433D02D7EAD9 /* Debug */,
				94394E3F7EEB8A512C0820B3 /* Release */,
			);
			defaultConfigurationIsVisible = 0;
			defaultConfigurationName = Debug;
		};
		FBF643A5574932E2EF8334E1 /* Build configuration list for PBXNativeTarget "SnifferIOSSample" */ = {
			isa = XCConfigurationList;
			buildConfigurations = (
				C4089DEF87DA3542B392F3D4 /* Debug */,
				EB56F0B51178411B4B78299A /* Release */,
			);
			defaultConfigurationIsVisible = 0;
			defaultConfigurationName = Debug;
		};
/* End XCConfigurationList section */

/* Begin XCLocalSwiftPackageReference section */
		FD4B00F7EABEA1A5F3D0AB05 /* XCLocalSwiftPackageReference "../.." */ = {
			isa = XCLocalSwiftPackageReference;
			relativePath = ../..;
		};
/* End XCLocalSwiftPackageReference section */

/* Begin XCSwiftPackageProductDependency section */
		87FF522866031D1AC400BB8C /* SnifferSocketIO */ = {
			isa = XCSwiftPackageProductDependency;
			productName = SnifferSocketIO;
		};
		8BD1188192C41A1431ED8B59 /* SnifferKit */ = {
			isa = XCSwiftPackageProductDependency;
			productName = SnifferKit;
		};
/* End XCSwiftPackageProductDependency section */
	};
	rootObject = D710B7FF6B1C069C725F4CD5 /* Project object */;
}
